
Microsoft Visual Studio Solution File, Format Version 12.00
# Visual Studio 15
VisualStudioVersion = 15.0.28010.2016
MinimumVisualStudioVersion = 10.0.40219.1
Project("{FAE04EC0-301F-11D3-BF4B-00C04F79EFBC}") = "DiscordApp", "DiscordApp\DiscordApp.csproj", "{2500E82E-16BF-4033-A68D-1B0E6F94557A}"
EndProject
Global
	GlobalSection(SolutionConfigurationPlatforms) = preSolution
		Debug|Any CPU = Debug|Any CPU
		Debug|x64 = Debug|x64
		Release|Any CPU = Release|Any CPU
		Release|x64 = Release|x64
	EndGlobalSection
	GlobalSection(ProjectConfigurationPlatforms) = postSolution
		{2500E82E-16BF-4033-A68D-1B0E6F94557A}.Debug|Any CPU.ActiveCfg = Debug|Any CPU
		{2500E82E-16BF-4033-A68D-1B0E6F94557A}.Debug|Any CPU.Build.0 = Debug|Any CPU
		{2500E82E-16BF-4033-A68D-1B0E6F94557A}.Debug|x64.ActiveCfg = Debug|x64
		{2500E82E-16BF-4033-A68D-1B0E6F94557A}.Debug|x64.Build.0 = Debug|x64
		{2500E82E-16BF-4033-A68D-1B0E6F94557A}.Release|Any CPU.ActiveCfg = Release|Any CPU
		{2500E82E-16BF-4033-A68D-1B0E6F94557A}.Release|Any CPU.Build.0 = Release|Any CPU
		{2500E82E-16BF-4033-A68D-1B0E6F94557A}.Release|x64.ActiveCfg = Release|x64
		{2500E82E-16BF-4033-A68D-1B0E6F94557A}.Release|x64.Build.0 = Release|x64
	EndGlobalSection
	GlobalSection(SolutionProperties) = preSolution
		HideSolutionNode = FALSE
	EndGlobalSection
	GlobalSection(ExtensibilityGlobals) = postSolution
		SolutionGuid = {21CFDDCD-A0A9-40FD-B599-57D836239ECD}
	EndGlobalSection
EndGlobal
